
Microsoft Visual Studio Solution File, Format Version 12.00
# Visual Studio Version 17
VisualStudioVersion = 17.3.32901.215
MinimumVisualStudioVersion = 10.0.40219.1
Project("{FAE04EC0-301F-11D3-BF4B-00C04F79EFBC}") = "Pr6.Dop.4", "Pr6.Dop.4\Pr6.Dop.4.csproj", "{472F606B-79D7-486D-8D7F-AEF26313B32A}"
EndProject
Global
	GlobalSection(SolutionConfigurationPlatforms) = preSolution
		Debug|Any CPU = Debug|Any CPU
		Release|Any CPU = Release|Any CPU
	EndGlobalSection
	GlobalSection(ProjectConfigurationPlatforms) = postSolution
		{472F606B-79D7-486D-8D7F-AEF26313B32A}.Debug|Any CPU.ActiveCfg = Debug|Any CPU
		{472F606B-79D7-486D-8D7F-AEF26313B32A}.Debug|Any CPU.Build.0 = Debug|Any CPU
		{472F606B-79D7-486D-8D7F-AEF26313B32A}.Release|Any CPU.ActiveCfg = Release|Any CPU
		{472F606B-79D7-486D-8D7F-AEF26313B32A}.Release|Any CPU.Build.0 = Release|Any CPU
	EndGlobalSection
	GlobalSection(SolutionProperties) = preSolution
		HideSolutionNode = FALSE
	EndGlobalSection
	GlobalSection(ExtensibilityGlobals) = postSolution
		SolutionGuid = {4F149BDB-D363-42EE-9B10-B4E7191DEB2E}
	EndGlobalSection
EndGlobal
